// !$*UTF8*$!
{
	archiveVersion = 1;
	classes = {
	};
	objectVersion = 51;
	objects = {

/* Begin PBXBuildFile section */
		7F157B088D86B79D978F8326 /* Pods_SwiftUI_ToDoApp.framework in Frameworks */ = {isa = PBXBuildFile; fileRef = 21C92976D9B33A14F31F9AE7 /* Pods_SwiftUI_ToDoApp.framework */; };
		E717D9A6258BA87000BFD313 /* AppDelegate.swift in Sources */ = {isa = PBXBuildFile; fileRef = E717D9A5258BA87000BFD313 /* AppDelegate.swift */; };
		E717D9A8258BA87000BFD313 /* SceneDelegate.swift in Sources */ = {isa = PBXBuildFile; fileRef = E717D9A7258BA87000BFD313 /* SceneDelegate.swift */; };
		E717D9AA258BA87000BFD313 /* ContentView.swift in Sources */ = {isa = PBXBuildFile; fileRef = E717D9A9258BA87000BFD313 /* ContentView.swift */; };
		E717D9AC258BA87600BFD313 /* Assets.xcassets in Resources */ = {isa = PBXBuildFile; fileRef = E717D9AB258BA87600BFD313 /* Assets.xcassets */; };
		E717D9AF258BA87600BFD313 /* Preview Assets.xcassets in Resources */ = {isa = PBXBuildFile; fileRef = E717D9AE258BA87600BFD313 /* Preview Assets.xcassets */; };
		E717D9B2258BA87600BFD313 /* LaunchScreen.storyboard in Resources */ = {isa = PBXBuildFile; fileRef = E717D9B0258BA87600BFD313 /* LaunchScreen.storyboard */; };
		E717D9BC258BACF500BFD313 /* ItemDB.swift in Sources */ = {isa = PBXBuildFile; fileRef = E717D9BB258BACF500BFD313 /* ItemDB.swift */; };
		E76C8561258F3C0E00C1F043 /* Item.swift in Sources */ = {isa = PBXBuildFile; fileRef = E76C8560258F3C0E00C1F043 /* Item.swift */; };
		E76C8563258F3D9600C1F043 /* ItemStore.swift in Sources */ = {isa = PBXBuildFile; fileRef = E76C8562258F3D9600C1F043 /* ItemStore.swift */; };
		E76C8567258F3FB800C1F043 /* ItemList.swift in Sources */ = {isa = PBXBuildFile; fileRef = E76C8566258F3FB800C1F043 /* ItemList.swift */; };
		E773380B259087D600B47217 /* ItemMock.swift in Sources */ = {isa = PBXBuildFile; fileRef = E773380A259087D600B47217 /* ItemMock.swift */; };
/* End PBXBuildFile section */

/* Begin PBXFileReference section */
		205DED0D072F26D0B3901308 /* Pods-SwiftUI ToDoApp.debug.xcconfig */ = {isa = PBXFileReference; includeInIndex = 1; lastKnownFileType = text.xcconfig; name = "Pods-SwiftUI ToDoApp.debug.xcconfig"; path = "Target Support Files/Pods-SwiftUI ToDoApp/Pods-SwiftUI ToDoApp.debug.xcconfig"; sourceTree = "<group>"; };
		21C92976D9B33A14F31F9AE7 /* Pods_SwiftUI_ToDoApp.framework */ = {isa = PBXFileReference; explicitFileType = wrapper.framework; includeInIndex = 0; path = Pods_SwiftUI_ToDoApp.framework; sourceTree = BUILT_PRODUCTS_DIR; };
		E717D9A2258BA87000BFD313 /* SwiftUI ToDoApp.app */ = {isa = PBXFileReference; explicitFileType = wrapper.application; includeInIndex = 0; path = "SwiftUI ToDoApp.app"; sourceTree = BUILT_PRODUCTS_DIR; };
		E717D9A5258BA87000BFD313 /* AppDelegate.swift */ = {isa = PBXFileReference; lastKnownFileType = sourcecode.swift; path = AppDelegate.swift; sourceTree = "<group>"; };
		E717D9A7258BA87000BFD313 /* SceneDelegate.swift */ = {isa = PBXFileReference; lastKnownFileType = sourcecode.swift; path = SceneDelegate.swift; sourceTree = "<group>"; };
		E717D9A9258BA87000BFD313 /* ContentView.swift */ = {isa = PBXFileReference; lastKnownFileType = sourcecode.swift; path = ContentView.swift; sourceTree = "<group>"; };
		E717D9AB258BA87600BFD313 /* Assets.xcassets */ = {isa = PBXFileReference; lastKnownFileType = folder.assetcatalog; path = Assets.xcassets; sourceTree = "<group>"; };
		E717D9AE258BA87600BFD313 /* Preview Assets.xcassets */ = {isa = PBXFileReference; lastKnownFileType = folder.assetcatalog; path = "Preview Assets.xcassets"; sourceTree = "<group>"; };
		E717D9B1258BA87600BFD313 /* Base */ = {isa = PBXFileReference; lastKnownFileType = file.storyboard; name = Base; path = Base.lproj/LaunchScreen.storyboard; sourceTree = "<group>"; };
		E717D9B3258BA87600BFD313 /* Info.plist */ = {isa = PBXFileReference; lastKnownFileType = text.plist.xml; path = Info.plist; sourceTree = "<group>"; };
		E717D9BB258BACF500BFD313 /* ItemDB.swift */ = {isa = PBXFileReference; lastKnownFileType = sourcecode.swift; path = ItemDB.swift; sourceTree = "<group>"; };
		E76C8560258F3C0E00C1F043 /* Item.swift */ = {isa = PBXFileReference; lastKnownFileType = sourcecode.swift; path = Item.swift; sourceTree = "<group>"; };
		E76C8562258F3D9600C1F043 /* ItemStore.swift */ = {isa = PBXFileReference; lastKnownFileType = sourcecode.swift; path = ItemStore.swift; sourceTree = "<group>"; };
		E76C8566258F3FB800C1F043 /* ItemList.swift */ = {isa = PBXFileReference; lastKnownFileType = sourcecode.swift; path = ItemList.swift; sourceTree = "<group>"; };
		E773380A259087D600B47217 /* ItemMock.swift */ = {isa = PBXFileReference; lastKnownFileType = sourcecode.swift; path = ItemMock.swift; sourceTree = "<group>"; };
		F7F860FDED8BC2C2CC7531F7 /* Pods-SwiftUI ToDoApp.release.xcconfig */ = {isa = PBXFileReference; includeInIndex = 1; lastKnownFileType = text.xcconfig; name = "Pods-SwiftUI ToDoApp.release.xcconfig"; path = "Target Support Files/Pods-SwiftUI ToDoApp/Pods-SwiftUI ToDoApp.release.xcconfig"; sourceTree = "<group>"; };
/* End PBXFileReference section */

/* Begin PBXFrameworksBuildPhase section */
		E717D99F258BA86F00BFD313 /* Frameworks */ = {
			isa = PBXFrameworksBuildPhase;
			buildActionMask = 2147483647;
			files = (
				7F157B088D86B79D978F8326 /* Pods_SwiftUI_ToDoApp.framework in Frameworks */,
			);
			runOnlyForDeploymentPostprocessing = 0;
		};
/* End PBXFrameworksBuildPhase section */

/* Begin PBXGroup section */
		E2930B35E3B9D6A89D8F4955 /* Frameworks */ = {
			isa = PBXGroup;
			children = (
				21C92976D9B33A14F31F9AE7 /* Pods_SwiftUI_ToDoApp.framework */,
			);
			name = Frameworks;
			sourceTree = "<group>";
		};
		E717D999258BA86F00BFD313 = {
			isa = PBXGroup;
			children = (
				E717D9A4258BA87000BFD313 /* SwiftUI ToDoApp */,
				E717D9A3258BA87000BFD313 /* Products */,
				EEF285E76684F998C79C023A /* Pods */,
				E2930B35E3B9D6A89D8F4955 /* Frameworks */,
			);
			sourceTree = "<group>";
		};
		E717D9A3258BA87000BFD313 /* Products */ = {
			isa = PBXGroup;
			children = (
				E717D9A2258BA87000BFD313 /* SwiftUI ToDoApp.app */,
			);
			name = Products;
			sourceTree = "<group>";
		};
		E717D9A4258BA87000BFD313 /* SwiftUI ToDoApp */ = {
			isa = PBXGroup;
			children = (
				E717D9BA258BAC8F00BFD313 /* Models */,
				E717D9B9258BAC7300BFD313 /* Views */,
				E717D9A5258BA87000BFD313 /* AppDelegate.swift */,
				E717D9A7258BA87000BFD313 /* SceneDelegate.swift */,
				E717D9AB258BA87600BFD313 /* Assets.xcassets */,
				E717D9B0258BA87600BFD313 /* LaunchScreen.storyboard */,
				E717D9B3258BA87600BFD313 /* Info.plist */,
				E717D9AD258BA87600BFD313 /* Preview Content */,
			);
			path = "SwiftUI ToDoApp";
			sourceTree = "<group>";
		};
		E717D9AD258BA87600BFD313 /* Preview Content */ = {
			isa = PBXGroup;
			children = (
				E717D9AE258BA87600BFD313 /* Preview Assets.xcassets */,
			);
			path = "Preview Content";
			sourceTree = "<group>";
		};
		E717D9B9258BAC7300BFD313 /* Views */ = {
			isa = PBXGroup;
			children = (
				E717D9A9258BA87000BFD313 /* ContentView.swift */,
				E76C8566258F3FB800C1F043 /* ItemList.swift */,
			);
			path = Views;
			sourceTree = "<group>";
		};
		E717D9BA258BAC8F00BFD313 /* Models */ = {
			isa = PBXGroup;
			children = (
				E717D9BB258BACF500BFD313 /* ItemDB.swift */,
				E76C8560258F3C0E00C1F043 /* Item.swift */,
				E76C8562258F3D9600C1F043 /* ItemStore.swift */,
				E773380A259087D600B47217 /* ItemMock.swift */,
			);
			path = Models;
			sourceTree = "<group>";
		};
		EEF285E76684F998C79C023A /* Pods */ = {
			isa = PBXGroup;
			children = (
				205DED0D072F26D0B3901308 /* Pods-SwiftUI ToDoApp.debug.xcconfig */,
				F7F860FDED8BC2C2CC7531F7 /* Pods-SwiftUI ToDoApp.release.xcconfig */,
			);
			path = Pods;
			sourceTree = "<group>";
		};
/* End PBXGroup section */

/* Begin PBXNativeTarget section */
		E717D9A1258BA86F00BFD313 /* SwiftUI ToDoApp */ = {
			isa = PBXNativeTarget;
			buildConfigurationList = E717D9B6258BA87600BFD313 /* Build configuration list for PBXNativeTarget "SwiftUI ToDoApp" */;
			buildPhases = (
				E2C32967B0C6FA4255459E0B /* [CP] Check Pods Manifest.lock */,
				E717D99E258BA86F00BFD313 /* Sources */,
				E717D99F258BA86F00BFD313 /* Frameworks */,
				E717D9A0258BA86F00BFD313 /* Resources */,
				60F633D96833F2CBC3A92E05 /* [CP] Embed Pods Frameworks */,
			);
			buildRules = (
			);
			dependencies = (
			);
			name = "SwiftUI ToDoApp";
			productName = "SwiftUI ToDoApp";
			productReference = E717D9A2258BA87000BFD313 /* SwiftUI ToDoApp.app */;
			productType = "com.apple.product-type.application";
		};
/* End PBXNativeTarget section */

/* Begin PBXProject section */
		E717D99A258BA86F00BFD313 /* Project object */ = {
			isa = PBXProject;
			attributes = {
				LastSwiftUpdateCheck = 1150;
				LastUpgradeCheck = 1150;
				ORGANIZATIONNAME = Hiroaki_Hirabayashi;
				TargetAttributes = {
					E717D9A1258BA86F00BFD313 = {
						CreatedOnToolsVersion = 11.5;
					};
				};
			};
			buildConfigurationList = E717D99D258BA86F00BFD313 /* Build configuration list for PBXProject "SwiftUI ToDoApp" */;
			compatibilityVersion = "Xcode 9.3";
			developmentRegion = en;
			hasScannedForEncodings = 0;
			knownRegions = (
				en,
				Base,
			);
			mainGroup = E717D999258BA86F00BFD313;
			productRefGroup = E717D9A3258BA87000BFD313 /* Products */;
			projectDirPath = "";
			projectRoot = "";
			targets = (
				E717D9A1258BA86F00BFD313 /* SwiftUI ToDoApp */,
			);
		};
/* End PBXProject section */

/* Begin PBXResourcesBuildPhase section */
		E717D9A0258BA86F00BFD313 /* Resources */ = {
			isa = PBXResourcesBuildPhase;
			buildActionMask = 2147483647;
			files = (
				E717D9B2258BA87600BFD313 /* LaunchScreen.storyboard in Resources */,
				E717D9AF258BA87600BFD313 /* Preview Assets.xcassets in Resources */,
				E717D9AC258BA87600BFD313 /* Assets.xcassets in Resources */,
			);
			runOnlyForDeploymentPostprocessing = 0;
		};
/* End PBXResourcesBuildPhase section */

/* Begin PBXShellScriptBuildPhase section */
		60F633D96833F2CBC3A92E05 /* [CP] Embed Pods Frameworks */ = {
			isa = PBXShellScriptBuildPhase;
			buildActionMask = 2147483647;
			files = (
			);
			inputFileListPaths = (
				"${PODS_ROOT}/Target Support Files/Pods-SwiftUI ToDoApp/Pods-SwiftUI ToDoApp-frameworks-${CONFIGURATION}-input-files.xcfilelist",
			);
			name = "[CP] Embed Pods Frameworks";
			outputFileListPaths = (
				"${PODS_ROOT}/Target Support Files/Pods-SwiftUI ToDoApp/Pods-SwiftUI ToDoApp-frameworks-${CONFIGURATION}-output-files.xcfilelist",
			);
			runOnlyForDeploymentPostprocessing = 0;
			shellPath = /bin/sh;
			shellScript = "\"${PODS_ROOT}/Target Support Files/Pods-SwiftUI ToDoApp/Pods-SwiftUI ToDoApp-frameworks.sh\"\n";
			showEnvVarsInLog = 0;
		};
		E2C32967B0C6FA4255459E0B /* [CP] Check Pods Manifest.lock */ = {
			isa = PBXShellScriptBuildPhase;
			buildActionMask = 2147483647;
			files = (
			);
			inputFileListPaths = (
			);
			inputPaths = (
				"${PODS_PODFILE_DIR_PATH}/Podfile.lock",
				"${PODS_ROOT}/Manifest.lock",
			);
			name = "[CP] Check Pods Manifest.lock";
			outputFileListPaths = (
			);
			outputPaths = (
				"$(DERIVED_FILE_DIR)/Pods-SwiftUI ToDoApp-checkManifestLockResult.txt",
			);
			runOnlyForDeploymentPostprocessing = 0;
			shellPath = /bin/sh;
			shellScript = "diff \"${PODS_PODFILE_DIR_PATH}/Podfile.lock\" \"${PODS_ROOT}/Manifest.lock\" > /dev/null\nif [ $? != 0 ] ; then\n    # print error to STDERR\n    echo \"error: The sandbox is not in sync with the Podfile.lock. Run 'pod install' or update your CocoaPods installation.\" >&2\n    exit 1\nfi\n# This output is used by Xcode 'outputs' to avoid re-running this script phase.\necho \"SUCCESS\" > \"${SCRIPT_OUTPUT_FILE_0}\"\n";
			showEnvVarsInLog = 0;
		};
/* End PBXShellScriptBuildPhase section */

/* Begin PBXSourcesBuildPhase section */
		E717D99E258BA86F00BFD313 /* Sources */ = {
			isa = PBXSourcesBuildPhase;
			buildActionMask = 2147483647;
			files = (
				E76C8561258F3C0E00C1F043 /* Item.swift in Sources */,
				E717D9A6258BA87000BFD313 /* AppDelegate.swift in Sources */,
				E76C8563258F3D9600C1F043 /* ItemStore.swift in Sources */,
				E773380B259087D600B47217 /* ItemMock.swift in Sources */,
				E76C8567258F3FB800C1F043 /* ItemList.swift in Sources */,
				E717D9A8258BA87000BFD313 /* SceneDelegate.swift in Sources */,
				E717D9AA258BA87000BFD313 /* ContentView.swift in Sources */,
				E717D9BC258BACF500BFD313 /* ItemDB.swift in Sources */,
			);
			runOnlyForDeploymentPostprocessing = 0;
		};
/* End PBXSourcesBuildPhase section */

/* Begin PBXVariantGroup section */
		E717D9B0258BA87600BFD313 /* LaunchScreen.storyboard */ = {
			isa = PBXVariantGroup;
			children = (
				E717D9B1258BA87600BFD313 /* Base */,
			);
			name = LaunchScreen.storyboard;
			sourceTree = "<group>";
		};
/* End PBXVariantGroup section */

/* Begin XCBuildConfiguration section */
		E717D9B4258BA87600BFD313 /* Debug */ = {
			isa = XCBuildConfiguration;
			buildSettings = {
				ALWAYS_SEARCH_USER_PATHS = NO;
				CLANG_ANALYZER_NONNULL = YES;
				CLANG_ANALYZER_NUMBER_OBJECT_CONVERSION = YES_AGGRESSIVE;
				CLANG_CXX_LANGUAGE_STANDARD = "gnu++14";
				CLANG_CXX_LIBRARY = "libc++";
				CLANG_ENABLE_MODULES = YES;
				CLANG_ENABLE_OBJC_ARC = YES;
				CLANG_ENABLE_OBJC_WEAK = YES;
				CLANG_WARN_BLOCK_CAPTURE_AUTORELEASING = YES;
				CLANG_WARN_BOOL_CONVERSION = YES;
				CLANG_WARN_COMMA = YES;
				CLANG_WARN_CONSTANT_CONVERSION = YES;
				CLANG_WARN_DEPRECATED_OBJC_IMPLEMENTATIONS = YES;
				CLANG_WARN_DIRECT_OBJC_ISA_USAGE = YES_ERROR;
				CLANG_WARN_DOCUMENTATION_COMMENTS = YES;
				CLANG_WARN_EMPTY_BODY = YES;
				CLANG_WARN_ENUM_CONVERSION = YES;
				CLANG_WARN_INFINITE_RECURSION = YES;
				CLANG_WARN_INT_CONVERSION = YES;
				CLANG_WARN_NON_LITERAL_NULL_CONVERSION = YES;
				CLANG_WARN_OBJC_IMPLICIT_RETAIN_SELF = YES;
				CLANG_WARN_OBJC_LITERAL_CONVERSION = YES;
				CLANG_WARN_OBJC_ROOT_CLASS = YES_ERROR;
				CLANG_WARN_RANGE_LOOP_ANALYSIS = YES;
				CLANG_WARN_STRICT_PROTOTYPES = YES;
				CLANG_WARN_SUSPICIOUS_MOVE = YES;
				CLANG_WARN_UNGUARDED_AVAILABILITY = YES_AGGRESSIVE;
				CLANG_WARN_UNREACHABLE_CODE = YES;
				CLANG_WARN__DUPLICATE_METHOD_MATCH = YES;
				COPY_PHASE_STRIP = NO;
				DEBUG_INFORMATION_FORMAT = dwarf;
				ENABLE_STRICT_OBJC_MSGSEND = YES;
				ENABLE_TESTABILITY = YES;
				GCC_C_LANGUAGE_STANDARD = gnu11;
				GCC_DYNAMIC_NO_PIC = NO;
				GCC_NO_COMMON_BLOCKS = YES;
				GCC_OPTIMIZATION_LEVEL = 0;
				GCC_PREPROCESSOR_DEFINITIONS = (
					"DEBUG=1",
					"$(inherited)",
				);
				GCC_WARN_64_TO_32_BIT_CONVERSION = YES;
				GCC_WARN_ABOUT_RETURN_TYPE = YES_ERROR;
				GCC_WARN_UNDECLARED_SELECTOR = YES;
				GCC_WARN_UNINITIALIZED_AUTOS = YES_AGGRESSIVE;
				GCC_WARN_UNUSED_FUNCTION = YES;
				GCC_WARN_UNUSED_VARIABLE = YES;
				IPHONEOS_DEPLOYMENT_TARGET = 13.5;
				LIBRARY_SEARCH_PATHS = (
					"$(inherited)",
					"$(SRCROOT)/Librarise",
				);
				MTL_ENABLE_DEBUG_INFO = INCLUDE_SOURCE;
				MTL_FAST_MATH = YES;
				ONLY_ACTIVE_ARCH = YES;
				SDKROOT = iphoneos;
				SWIFT_ACTIVE_COMPILATION_CONDITIONS = DEBUG;
				SWIFT_OPTIMIZATION_LEVEL = "-Onone";
			};
			name = Debug;
		};
		E717D9B5258BA87600BFD313 /* Release */ = {
			isa = XCBuildConfiguration;
			buildSettings = {
				ALWAYS_SEARCH_USER_PATHS = NO;
				CLANG_ANALYZER_NONNULL = YES;
				CLANG_ANALYZER_NUMBER_OBJECT_CONVERSION = YES_AGGRESSIVE;
				CLANG_CXX_LANGUAGE_STANDARD = "gnu++14";
				CLANG_CXX_LIBRARY = "libc++";
				CLANG_ENABLE_MODULES = YES;
				CLANG_ENABLE_OBJC_ARC = YES;
				CLANG_ENABLE_OBJC_WEAK = YES;
				CLANG_WARN_BLOCK_CAPTURE_AUTORELEASING = YES;
				CLANG_WARN_BOOL_CONVERSION = YES;
				CLANG_WARN_COMMA = YES;
				CLANG_WARN_CONSTANT_CONVERSION = YES;
				CLANG_WARN_DEPRECATED_OBJC_IMPLEMENTATIONS = YES;
				CLANG_WARN_DIRECT_OBJC_ISA_USAGE = YES_ERROR;
				CLANG_WARN_DOCUMENTATION_COMMENTS = YES;
				CLANG_WARN_EMPTY_BODY = YES;
				CLANG_WARN_ENUM_CONVERSION = YES;
				CLANG_WARN_INFINITE_RECURSION = YES;
				CLANG_WARN_INT_CONVERSION = YES;
				CLANG_WARN_NON_LITERAL_NULL_CONVERSION = YES;
				CLANG_WARN_OBJC_IMPLICIT_RETAIN_SELF = YES;
				CLANG_WARN_OBJC_LITERAL_CONVERSION = YES;
				CLANG_WARN_OBJC_ROOT_CLASS = YES_ERROR;
				CLANG_WARN_RANGE_LOOP_ANALYSIS = YES;
				CLANG_WARN_STRICT_PROTOTYPES = YES;
				CLANG_WARN_SUSPICIOUS_MOVE = YES;
				CLANG_WARN_UNGUARDED_AVAILABILITY = YES_AGGRESSIVE;
				CLANG_WARN_UNREACHABLE_CODE = YES;
				CLANG_WARN__DUPLICATE_METHOD_MATCH = YES;
				COPY_PHASE_STRIP = NO;
				DEBUG_INFORMATION_FORMAT = "dwarf-with-dsym";
				ENABLE_NS_ASSERTIONS = NO;
				ENABLE_STRICT_OBJC_MSGSEND = YES;
				GCC_C_LANGUAGE_STANDARD = gnu11;
				GCC_NO_COMMON_BLOCKS = YES;
				GCC_WARN_64_TO_32_BIT_CONVERSION = YES;
				GCC_WARN_ABOUT_RETURN_TYPE = YES_ERROR;
				GCC_WARN_UNDECLARED_SELECTOR = YES;
				GCC_WARN_UNINITIALIZED_AUTOS = YES_AGGRESSIVE;
				GCC_WARN_UNUSED_FUNCTION = YES;
				GCC_WARN_UNUSED_VARIABLE = YES;
				IPHONEOS_DEPLOYMENT_TARGET = 13.5;
				LIBRARY_SEARCH_PATHS = (
					"$(inherited)",
					"$(SRCROOT)/Librarise",
				);
				MTL_ENABLE_DEBUG_INFO = NO;
				MTL_FAST_MATH = YES;
				SDKROOT = iphoneos;
				SWIFT_COMPILATION_MODE = wholemodule;
				SWIFT_OPTIMIZATION_LEVEL = "-O";
				VALIDATE_PRODUCT = YES;
			};
			name = Release;
		};
		E717D9B7258BA87600BFD313 /* Debug */ = {
			isa = XCBuildConfiguration;
			baseConfigurationReference = 205DED0D072F26D0B3901308 /* Pods-SwiftUI ToDoApp.debug.xcconfig */;
			buildSettings = {
				ASSETCATALOG_COMPILER_APPICON_NAME = AppIcon;
				CODE_SIGN_STYLE = Automatic;
				DEVELOPMENT_ASSET_PATHS = "\"SwiftUI ToDoApp/Preview Content\"";
				DEVELOPMENT_TEAM = S3PW95J64Q;
				ENABLE_PREVIEWS = YES;
				INFOPLIST_FILE = "SwiftUI ToDoApp/Info.plist";
				LD_RUNPATH_SEARCH_PATHS = (
					"$(inherited)",
					"@executable_path/Frameworks",
				);
				PRODUCT_BUNDLE_IDENTIFIER = "com.-Hiroaki-Hirabayashi.SwiftUI-ToDoApp";
				PRODUCT_NAME = "$(TARGET_NAME)";
				SWIFT_VERSION = 5.0;
				TARGETED_DEVICE_FAMILY = "1,2";
			};
			name = Debug;
		};
		E717D9B8258BA87600BFD313 /* Release */ = {
			isa = XCBuildConfiguration;
			baseConfigurationReference = F7F860FDED8BC2C2CC7531F7 /* Pods-SwiftUI ToDoApp.release.xcconfig */;
			buildSettings = {
				ASSETCATALOG_COMPILER_APPICON_NAME = AppIcon;
				CODE_SIGN_STYLE = Automatic;
				DEVELOPMENT_ASSET_PATHS = "\"SwiftUI ToDoApp/Preview Content\"";
				DEVELOPMENT_TEAM = S3PW95J64Q;
				ENABLE_PREVIEWS = YES;
				INFOPLIST_FILE = "SwiftUI ToDoApp/Info.plist";
				LD_RUNPATH_SEARCH_PATHS = (
					"$(inherited)",
					"@executable_path/Frameworks",
				);
				PRODUCT_BUNDLE_IDENTIFIER = "com.-Hiroaki-Hirabayashi.SwiftUI-ToDoApp";
				PRODUCT_NAME = "$(TARGET_NAME)";
				SWIFT_VERSION = 5.0;
				TARGETED_DEVICE_FAMILY = "1,2";
			};
			name = Release;
		};
/* End XCBuildConfiguration section */

/* Begin XCConfigurationList section */
		E717D99D258BA86F00BFD313 /* Build configuration list for PBXProject "SwiftUI ToDoApp" */ = {
			isa = XCConfigurationList;
			buildConfigurations = (
				E717D9B4258BA87600BFD313 /* Debug */,
				E717D9B5258BA87600BFD313 /* Release */,
			);
			defaultConfigurationIsVisible = 0;
			defaultConfigurationName = Release;
		};
		E717D9B6258BA87600BFD313 /* Build configuration list for PBXNativeTarget "SwiftUI ToDoApp" */ = {
			isa = XCConfigurationList;
			buildConfigurations = (
				E717D9B7258BA87600BFD313 /* Debug */,
				E717D9B8258BA87600BFD313 /* Release */,
			);
			defaultConfigurationIsVisible = 0;
			defaultConfigurationName = Release;
		};
/* End XCConfigurationList section */
	};
	rootObject = E717D99A258BA86F00BFD313 /* Project object */;
}
